// !$*UTF8*$!
{
	archiveVersion = 1;
	classes = {
	};
	objectVersion = 50;
	objects = {

/* Begin PBXBuildFile section */
		550692CA26CCE19B00B0F637 /* AfricaApp.swift in Sources */ = {isa = PBXBuildFile; fileRef = 550692C926CCE19B00B0F637 /* AfricaApp.swift */; };
		550692CC26CCE19B00B0F637 /* ContentView.swift in Sources */ = {isa = PBXBuildFile; fileRef = 550692CB26CCE19B00B0F637 /* ContentView.swift */; };
		550692CE26CCE19C00B0F637 /* Assets.xcassets in Resources */ = {isa = PBXBuildFile; fileRef = 550692CD26CCE19C00B0F637 /* Assets.xcassets */; };
		550692D126CCE19C00B0F637 /* Preview Assets.xcassets in Resources */ = {isa = PBXBuildFile; fileRef = 550692D026CCE19C00B0F637 /* Preview Assets.xcassets */; };
		550692E326CCE3FE00B0F637 /* hippo.mp4 in Resources */ = {isa = PBXBuildFile; fileRef = 550692D926CCE3FD00B0F637 /* hippo.mp4 */; };
		550692E426CCE3FE00B0F637 /* cheetah.mp4 in Resources */ = {isa = PBXBuildFile; fileRef = 550692DA26CCE3FD00B0F637 /* cheetah.mp4 */; };
		550692E526CCE3FE00B0F637 /* lioness.mp4 in Resources */ = {isa = PBXBuildFile; fileRef = 550692DB26CCE3FD00B0F637 /* lioness.mp4 */; };
		550692E626CCE3FE00B0F637 /* giraffe.mp4 in Resources */ = {isa = PBXBuildFile; fileRef = 550692DC26CCE3FE00B0F637 /* giraffe.mp4 */; };
		550692E726CCE3FE00B0F637 /* elephant.mp4 in Resources */ = {isa = PBXBuildFile; fileRef = 550692DD26CCE3FE00B0F637 /* elephant.mp4 */; };
		550692E826CCE3FE00B0F637 /* ostrich.mp4 in Resources */ = {isa = PBXBuildFile; fileRef = 550692DE26CCE3FE00B0F637 /* ostrich.mp4 */; };
		550692E926CCE3FE00B0F637 /* zebra.mp4 in Resources */ = {isa = PBXBuildFile; fileRef = 550692DF26CCE3FE00B0F637 /* zebra.mp4 */; };
		550692EA26CCE3FE00B0F637 /* rhino.mp4 in Resources */ = {isa = PBXBuildFile; fileRef = 550692E026CCE3FE00B0F637 /* rhino.mp4 */; };
		550692EB26CCE3FE00B0F637 /* gorilla.mp4 in Resources */ = {isa = PBXBuildFile; fileRef = 550692E126CCE3FE00B0F637 /* gorilla.mp4 */; };
		550692EC26CCE3FE00B0F637 /* lion.mp4 in Resources */ = {isa = PBXBuildFile; fileRef = 550692E226CCE3FE00B0F637 /* lion.mp4 */; };
		550692F226CCE43F00B0F637 /* covers.json in Resources */ = {isa = PBXBuildFile; fileRef = 550692EE26CCE43F00B0F637 /* covers.json */; };
		550692F326CCE43F00B0F637 /* locations.json in Resources */ = {isa = PBXBuildFile; fileRef = 550692EF26CCE43F00B0F637 /* locations.json */; };
		550692F426CCE43F00B0F637 /* animals.json in Resources */ = {isa = PBXBuildFile; fileRef = 550692F026CCE43F00B0F637 /* animals.json */; };
		550692F526CCE43F00B0F637 /* videos.json in Resources */ = {isa = PBXBuildFile; fileRef = 550692F126CCE43F00B0F637 /* videos.json */; };
		550692F926CCE62A00B0F637 /* VideoListView.swift in Sources */ = {isa = PBXBuildFile; fileRef = 550692F826CCE62A00B0F637 /* VideoListView.swift */; };
		550692FB26CCE64500B0F637 /* MapView.swift in Sources */ = {isa = PBXBuildFile; fileRef = 550692FA26CCE64500B0F637 /* MapView.swift */; };
		550692FE26CCE67800B0F637 /* GalleryView.swift in Sources */ = {isa = PBXBuildFile; fileRef = 550692FD26CCE67800B0F637 /* GalleryView.swift */; };
		5506930026CCE69600B0F637 /* MainView.swift in Sources */ = {isa = PBXBuildFile; fileRef = 550692FF26CCE69600B0F637 /* MainView.swift */; };
		5506930626CCF4DE00B0F637 /* CoverImageModel.swift in Sources */ = {isa = PBXBuildFile; fileRef = 5506930526CCF4DE00B0F637 /* CoverImageModel.swift */; };
		5506930926CCF5D600B0F637 /* CodableBundleExtension.swift in Sources */ = {isa = PBXBuildFile; fileRef = 5506930826CCF5D600B0F637 /* CodableBundleExtension.swift */; };
		5529B98926CD1B0D009064CC /* InsetMapView.swift in Sources */ = {isa = PBXBuildFile; fileRef = 5529B98826CD1B0D009064CC /* InsetMapView.swift */; };
		5529B98B26CD1EDB009064CC /* ExternalWebLinkView.swift in Sources */ = {isa = PBXBuildFile; fileRef = 5529B98A26CD1EDB009064CC /* ExternalWebLinkView.swift */; };
		5529B98D26CD2A44009064CC /* VideoModel.swift in Sources */ = {isa = PBXBuildFile; fileRef = 5529B98C26CD2A44009064CC /* VideoModel.swift */; };
		5529B99126CD2ABD009064CC /* VideoListItemView.swift in Sources */ = {isa = PBXBuildFile; fileRef = 5529B99026CD2ABD009064CC /* VideoListItemView.swift */; };
		5529B99326CD320E009064CC /* VideoPlayerView.swift in Sources */ = {isa = PBXBuildFile; fileRef = 5529B99226CD320E009064CC /* VideoPlayerView.swift */; };
		5529B99826CD3361009064CC /* VideoPlayerHelper.swift in Sources */ = {isa = PBXBuildFile; fileRef = 5529B99726CD3361009064CC /* VideoPlayerHelper.swift */; };
		5529B99A26CD3822009064CC /* LocationModel.swift in Sources */ = {isa = PBXBuildFile; fileRef = 5529B99926CD3822009064CC /* LocationModel.swift */; };
		5529B99C26CD4186009064CC /* MapAnnotitationView.swift in Sources */ = {isa = PBXBuildFile; fileRef = 5529B99B26CD4186009064CC /* MapAnnotitationView.swift */; };
		55A37C2B26CCFBFF00476EC9 /* CoverImageView.swift in Sources */ = {isa = PBXBuildFile; fileRef = 55A37C2A26CCFBFF00476EC9 /* CoverImageView.swift */; };
		55A37C2D26CCFE3000476EC9 /* AnimalListItemView.swift in Sources */ = {isa = PBXBuildFile; fileRef = 55A37C2C26CCFE3000476EC9 /* AnimalListItemView.swift */; };
		55A37C2F26CD041E00476EC9 /* AnimalModel.swift in Sources */ = {isa = PBXBuildFile; fileRef = 55A37C2E26CD041E00476EC9 /* AnimalModel.swift */; };
		55A37C3126CD08A000476EC9 /* AnimalDetailView.swift in Sources */ = {isa = PBXBuildFile; fileRef = 55A37C3026CD08A000476EC9 /* AnimalDetailView.swift */; };
		55A37C3326CD0BC900476EC9 /* HeadingView.swift in Sources */ = {isa = PBXBuildFile; fileRef = 55A37C3226CD0BC900476EC9 /* HeadingView.swift */; };
		55A37C3526CD0DBC00476EC9 /* InsetGalleryView.swift in Sources */ = {isa = PBXBuildFile; fileRef = 55A37C3426CD0DBC00476EC9 /* InsetGalleryView.swift */; };
		55A37C3726CD161400476EC9 /* InsetFactView.swift in Sources */ = {isa = PBXBuildFile; fileRef = 55A37C3626CD161400476EC9 /* InsetFactView.swift */; };
/* End PBXBuildFile section */

/* Begin PBXFileReference section */
		550692C626CCE19B00B0F637 /* Africa.app */ = {isa = PBXFileReference; explicitFileType = wrapper.application; includeInIndex = 0; path = Africa.app; sourceTree = BUILT_PRODUCTS_DIR; };
		550692C926CCE19B00B0F637 /* AfricaApp.swift */ = {isa = PBXFileReference; lastKnownFileType = sourcecode.swift; path = AfricaApp.swift; sourceTree = "<group>"; };
		550692CB26CCE19B00B0F637 /* ContentView.swift */ = {isa = PBXFileReference; lastKnownFileType = sourcecode.swift; path = ContentView.swift; sourceTree = "<group>"; };
		550692CD26CCE19C00B0F637 /* Assets.xcassets */ = {isa = PBXFileReference; lastKnownFileType = folder.assetcatalog; path = Assets.xcassets; sourceTree = "<group>"; };
		550692D026CCE19C00B0F637 /* Preview Assets.xcassets */ = {isa = PBXFileReference; lastKnownFileType = folder.assetcatalog; path = "Preview Assets.xcassets"; sourceTree = "<group>"; };
		550692D226CCE19C00B0F637 /* Info.plist */ = {isa = PBXFileReference; lastKnownFileType = text.plist.xml; path = Info.plist; sourceTree = "<group>"; };
		550692D926CCE3FD00B0F637 /* hippo.mp4 */ = {isa = PBXFileReference; lastKnownFileType = file; path = hippo.mp4; sourceTree = "<group>"; };
		550692DA26CCE3FD00B0F637 /* cheetah.mp4 */ = {isa = PBXFileReference; lastKnownFileType = file; path = cheetah.mp4; sourceTree = "<group>"; };
		550692DB26CCE3FD00B0F637 /* lioness.mp4 */ = {isa = PBXFileReference; lastKnownFileType = file; path = lioness.mp4; sourceTree = "<group>"; };
		550692DC26CCE3FE00B0F637 /* giraffe.mp4 */ = {isa = PBXFileReference; lastKnownFileType = file; path = giraffe.mp4; sourceTree = "<group>"; };
		550692DD26CCE3FE00B0F637 /* elephant.mp4 */ = {isa = PBXFileReference; lastKnownFileType = file; path = elephant.mp4; sourceTree = "<group>"; };
		550692DE26CCE3FE00B0F637 /* ostrich.mp4 */ = {isa = PBXFileReference; lastKnownFileType = file; path = ostrich.mp4; sourceTree = "<group>"; };
		550692DF26CCE3FE00B0F637 /* zebra.mp4 */ = {isa = PBXFileReference; lastKnownFileType = file; path = zebra.mp4; sourceTree = "<group>"; };
		550692E026CCE3FE00B0F637 /* rhino.mp4 */ = {isa = PBXFileReference; lastKnownFileType = file; path = rhino.mp4; sourceTree = "<group>"; };
		550692E126CCE3FE00B0F637 /* gorilla.mp4 */ = {isa = PBXFileReference; lastKnownFileType = file; path = gorilla.mp4; sourceTree = "<group>"; };
		550692E226CCE3FE00B0F637 /* lion.mp4 */ = {isa = PBXFileReference; lastKnownFileType = file; path = lion.mp4; sourceTree = "<group>"; };
		550692EE26CCE43F00B0F637 /* covers.json */ = {isa = PBXFileReference; fileEncoding = 4; lastKnownFileType = text.json; path = covers.json; sourceTree = "<group>"; };
		550692EF26CCE43F00B0F637 /* locations.json */ = {isa = PBXFileReference; fileEncoding = 4; lastKnownFileType = text.json; path = locations.json; sourceTree = "<group>"; };
		550692F026CCE43F00B0F637 /* animals.json */ = {isa = PBXFileReference; fileEncoding = 4; lastKnownFileType = text.json; path = animals.json; sourceTree = "<group>"; };
		550692F126CCE43F00B0F637 /* videos.json */ = {isa = PBXFileReference; fileEncoding = 4; lastKnownFileType = text.json; path = videos.json; sourceTree = "<group>"; };
		550692F826CCE62A00B0F637 /* VideoListView.swift */ = {isa = PBXFileReference; lastKnownFileType = sourcecode.swift; path = VideoListView.swift; sourceTree = "<group>"; };
		550692FA26CCE64500B0F637 /* MapView.swift */ = {isa = PBXFileReference; lastKnownFileType = sourcecode.swift; path = MapView.swift; sourceTree = "<group>"; };
		550692FD26CCE67800B0F637 /* GalleryView.swift */ = {isa = PBXFileReference; lastKnownFileType = sourcecode.swift; path = GalleryView.swift; sourceTree = "<group>"; };
		550692FF26CCE69600B0F637 /* MainView.swift */ = {isa = PBXFileReference; lastKnownFileType = sourcecode.swift; path = MainView.swift; sourceTree = "<group>"; };
		5506930526CCF4DE00B0F637 /* CoverImageModel.swift */ = {isa = PBXFileReference; lastKnownFileType = sourcecode.swift; path = CoverImageModel.swift; sourceTree = "<group>"; };
		5506930826CCF5D600B0F637 /* CodableBundleExtension.swift */ = {isa = PBXFileReference; lastKnownFileType = sourcecode.swift; path = CodableBundleExtension.swift; sourceTree = "<group>"; };
		5529B98826CD1B0D009064CC /* InsetMapView.swift */ = {isa = PBXFileReference; lastKnownFileType = sourcecode.swift; path = InsetMapView.swift; sourceTree = "<group>"; };
		5529B98A26CD1EDB009064CC /* ExternalWebLinkView.swift */ = {isa = PBXFileReference; lastKnownFileType = sourcecode.swift; path = ExternalWebLinkView.swift; sourceTree = "<group>"; };
		5529B98C26CD2A44009064CC /* VideoModel.swift */ = {isa = PBXFileReference; lastKnownFileType = sourcecode.swift; path = VideoModel.swift; sourceTree = "<group>"; };
		5529B99026CD2ABD009064CC /* VideoListItemView.swift */ = {isa = PBXFileReference; lastKnownFileType = sourcecode.swift; path = VideoListItemView.swift; sourceTree = "<group>"; };
		5529B99226CD320E009064CC /* VideoPlayerView.swift */ = {isa = PBXFileReference; lastKnownFileType = sourcecode.swift; path = VideoPlayerView.swift; sourceTree = "<group>"; };
		5529B99726CD3361009064CC /* VideoPlayerHelper.swift */ = {isa = PBXFileReference; lastKnownFileType = sourcecode.swift; path = VideoPlayerHelper.swift; sourceTree = "<group>"; };
		5529B99926CD3822009064CC /* LocationModel.swift */ = {isa = PBXFileReference; lastKnownFileType = sourcecode.swift; path = LocationModel.swift; sourceTree = "<group>"; };
		5529B99B26CD4186009064CC /* MapAnnotitationView.swift */ = {isa = PBXFileReference; lastKnownFileType = sourcecode.swift; path = MapAnnotitationView.swift; sourceTree = "<group>"; };
		55A37C2A26CCFBFF00476EC9 /* CoverImageView.swift */ = {isa = PBXFileReference; lastKnownFileType = sourcecode.swift; path = CoverImageView.swift; sourceTree = "<group>"; };
		55A37C2C26CCFE3000476EC9 /* AnimalListItemView.swift */ = {isa = PBXFileReference; lastKnownFileType = sourcecode.swift; path = AnimalListItemView.swift; sourceTree = "<group>"; };
		55A37C2E26CD041E00476EC9 /* AnimalModel.swift */ = {isa = PBXFileReference; lastKnownFileType = sourcecode.swift; path = AnimalModel.swift; sourceTree = "<group>"; };
		55A37C3026CD08A000476EC9 /* AnimalDetailView.swift */ = {isa = PBXFileReference; lastKnownFileType = sourcecode.swift; path = AnimalDetailView.swift; sourceTree = "<group>"; };
		55A37C3226CD0BC900476EC9 /* HeadingView.swift */ = {isa = PBXFileReference; lastKnownFileType = sourcecode.swift; path = HeadingView.swift; sourceTree = "<group>"; };
		55A37C3426CD0DBC00476EC9 /* InsetGalleryView.swift */ = {isa = PBXFileReference; lastKnownFileType = sourcecode.swift; path = InsetGalleryView.swift; sourceTree = "<group>"; };
		55A37C3626CD161400476EC9 /* InsetFactView.swift */ = {isa = PBXFileReference; lastKnownFileType = sourcecode.swift; path = InsetFactView.swift; sourceTree = "<group>"; };
/* End PBXFileReference section */

/* Begin PBXFrameworksBuildPhase section */
		550692C326CCE19A00B0F637 /* Frameworks */ = {
			isa = PBXFrameworksBuildPhase;
			buildActionMask = 2147483647;
			files = (
			);
			runOnlyForDeploymentPostprocessing = 0;
		};
/* End PBXFrameworksBuildPhase section */

/* Begin PBXGroup section */
		550692BD26CCE19A00B0F637 = {
			isa = PBXGroup;
			children = (
				550692C826CCE19B00B0F637 /* Africa */,
				550692C726CCE19B00B0F637 /* Products */,
			);
			sourceTree = "<group>";
		};
		550692C726CCE19B00B0F637 /* Products */ = {
			isa = PBXGroup;
			children = (
				550692C626CCE19B00B0F637 /* Africa.app */,
			);
			name = Products;
			sourceTree = "<group>";
		};
		550692C826CCE19B00B0F637 /* Africa */ = {
			isa = PBXGroup;
			children = (
				5529B99426CD332F009064CC /* Helper */,
				5506930726CCF5BA00B0F637 /* Extension */,
				5506930426CCF4CF00B0F637 /* Model */,
				550692ED26CCE42500B0F637 /* Data */,
				550692D826CCE3D500B0F637 /* Video */,
				550692F626CCE5E400B0F637 /* App */,
				550692F726CCE5EE00B0F637 /* View */,
				550692CD26CCE19C00B0F637 /* Assets.xcassets */,
				550692D226CCE19C00B0F637 /* Info.plist */,
				550692CF26CCE19C00B0F637 /* Preview Content */,
			);
			path = Africa;
			sourceTree = "<group>";
		};
		550692CF26CCE19C00B0F637 /* Preview Content */ = {
			isa = PBXGroup;
			children = (
				550692D026CCE19C00B0F637 /* Preview Assets.xcassets */,
			);
			path = "Preview Content";
			sourceTree = "<group>";
		};
		550692D826CCE3D500B0F637 /* Video */ = {
			isa = PBXGroup;
			children = (
				550692DA26CCE3FD00B0F637 /* cheetah.mp4 */,
				550692DD26CCE3FE00B0F637 /* elephant.mp4 */,
				550692DC26CCE3FE00B0F637 /* giraffe.mp4 */,
				550692E126CCE3FE00B0F637 /* gorilla.mp4 */,
				550692D926CCE3FD00B0F637 /* hippo.mp4 */,
				550692E226CCE3FE00B0F637 /* lion.mp4 */,
				550692DB26CCE3FD00B0F637 /* lioness.mp4 */,
				550692DE26CCE3FE00B0F637 /* ostrich.mp4 */,
				550692E026CCE3FE00B0F637 /* rhino.mp4 */,
				550692DF26CCE3FE00B0F637 /* zebra.mp4 */,
			);
			path = Video;
			sourceTree = "<group>";
		};
		550692ED26CCE42500B0F637 /* Data */ = {
			isa = PBXGroup;
			children = (
				550692F026CCE43F00B0F637 /* animals.json */,
				550692EE26CCE43F00B0F637 /* covers.json */,
				550692EF26CCE43F00B0F637 /* locations.json */,
				550692F126CCE43F00B0F637 /* videos.json */,
			);
			path = Data;
			sourceTree = "<group>";
		};
		550692F626CCE5E400B0F637 /* App */ = {
			isa = PBXGroup;
			children = (
				550692C926CCE19B00B0F637 /* AfricaApp.swift */,
				550692CB26CCE19B00B0F637 /* ContentView.swift */,
				550692F826CCE62A00B0F637 /* VideoListView.swift */,
				550692FA26CCE64500B0F637 /* MapView.swift */,
				550692FD26CCE67800B0F637 /* GalleryView.swift */,
				550692FF26CCE69600B0F637 /* MainView.swift */,
			);
			path = App;
			sourceTree = "<group>";
		};
		550692F726CCE5EE00B0F637 /* View */ = {
			isa = PBXGroup;
			children = (
				55A37C2A26CCFBFF00476EC9 /* CoverImageView.swift */,
				55A37C2C26CCFE3000476EC9 /* AnimalListItemView.swift */,
				55A37C3026CD08A000476EC9 /* AnimalDetailView.swift */,
				55A37C3226CD0BC900476EC9 /* HeadingView.swift */,
				55A37C3426CD0DBC00476EC9 /* InsetGalleryView.swift */,
				55A37C3626CD161400476EC9 /* InsetFactView.swift */,
				5529B98826CD1B0D009064CC /* InsetMapView.swift */,
				5529B98A26CD1EDB009064CC /* ExternalWebLinkView.swift */,
				5529B99026CD2ABD009064CC /* VideoListItemView.swift */,
				5529B99226CD320E009064CC /* VideoPlayerView.swift */,
				5529B99B26CD4186009064CC /* MapAnnotitationView.swift */,
			);
			path = View;
			sourceTree = "<group>";
		};
		5506930426CCF4CF00B0F637 /* Model */ = {
			isa = PBXGroup;
			children = (
				5506930526CCF4DE00B0F637 /* CoverImageModel.swift */,
				55A37C2E26CD041E00476EC9 /* AnimalModel.swift */,
				5529B98C26CD2A44009064CC /* VideoModel.swift */,
				5529B99926CD3822009064CC /* LocationModel.swift */,
			);
			path = Model;
			sourceTree = "<group>";
		};
		5506930726CCF5BA00B0F637 /* Extension */ = {
			isa = PBXGroup;
			children = (
				5506930826CCF5D600B0F637 /* CodableBundleExtension.swift */,
			);
			path = Extension;
			sourceTree = "<group>";
		};
		5529B99426CD332F009064CC /* Helper */ = {
			isa = PBXGroup;
			children = (
				5529B99726CD3361009064CC /* VideoPlayerHelper.swift */,
			);
			path = Helper;
			sourceTree = "<group>";
		};
/* End PBXGroup section */

/* Begin PBXNativeTarget section */
		550692C526CCE19A00B0F637 /* Africa */ = {
			isa = PBXNativeTarget;
			buildConfigurationList = 550692D526CCE19C00B0F637 /* Build configuration list for PBXNativeTarget "Africa" */;
			buildPhases = (
				550692C226CCE19A00B0F637 /* Sources */,
				550692C326CCE19A00B0F637 /* Frameworks */,
				550692C426CCE19A00B0F637 /* Resources */,
			);
			buildRules = (
			);
			dependencies = (
			);
			name = Africa;
			productName = Africa;
			productReference = 550692C626CCE19B00B0F637 /* Africa.app */;
			productType = "com.apple.product-type.application";
		};
/* End PBXNativeTarget section */

/* Begin PBXProject section */
		550692BE26CCE19A00B0F637 /* Project object */ = {
			isa = PBXProject;
			attributes = {
				LastSwiftUpdateCheck = 1250;
				LastUpgradeCheck = 1250;
				TargetAttributes = {
					550692C526CCE19A00B0F637 = {
						CreatedOnToolsVersion = 12.5.1;
					};
				};
			};
			buildConfigurationList = 550692C126CCE19A00B0F637 /* Build configuration list for PBXProject "Africa" */;
			compatibilityVersion = "Xcode 9.3";
			developmentRegion = en;
			hasScannedForEncodings = 0;
			knownRegions = (
				en,
				Base,
			);
			mainGroup = 550692BD26CCE19A00B0F637;
			productRefGroup = 550692C726CCE19B00B0F637 /* Products */;
			projectDirPath = "";
			projectRoot = "";
			targets = (
				550692C526CCE19A00B0F637 /* Africa */,
			);
		};
/* End PBXProject section */

/* Begin PBXResourcesBuildPhase section */
		550692C426CCE19A00B0F637 /* Resources */ = {
			isa = PBXResourcesBuildPhase;
			buildActionMask = 2147483647;
			files = (
				550692F426CCE43F00B0F637 /* animals.json in Resources */,
				550692F326CCE43F00B0F637 /* locations.json in Resources */,
				550692F226CCE43F00B0F637 /* covers.json in Resources */,
				550692E426CCE3FE00B0F637 /* cheetah.mp4 in Resources */,
				550692EC26CCE3FE00B0F637 /* lion.mp4 in Resources */,
				550692D126CCE19C00B0F637 /* Preview Assets.xcassets in Resources */,
				550692E626CCE3FE00B0F637 /* giraffe.mp4 in Resources */,
				550692E526CCE3FE00B0F637 /* lioness.mp4 in Resources */,
				550692E726CCE3FE00B0F637 /* elephant.mp4 in Resources */,
				550692E326CCE3FE00B0F637 /* hippo.mp4 in Resources */,
				550692E826CCE3FE00B0F637 /* ostrich.mp4 in Resources */,
				550692E926CCE3FE00B0F637 /* zebra.mp4 in Resources */,
				550692EA26CCE3FE00B0F637 /* rhino.mp4 in Resources */,
				550692F526CCE43F00B0F637 /* videos.json in Resources */,
				550692CE26CCE19C00B0F637 /* Assets.xcassets in Resources */,
				550692EB26CCE3FE00B0F637 /* gorilla.mp4 in Resources */,
			);
			runOnlyForDeploymentPostprocessing = 0;
		};
/* End PBXResourcesBuildPhase section */

/* Begin PBXSourcesBuildPhase section */
		550692C226CCE19A00B0F637 /* Sources */ = {
			isa = PBXSourcesBuildPhase;
			buildActionMask = 2147483647;
			files = (
				550692CC26CCE19B00B0F637 /* ContentView.swift in Sources */,
				55A37C2D26CCFE3000476EC9 /* AnimalListItemView.swift in Sources */,
				5529B99C26CD4186009064CC /* MapAnnotitationView.swift in Sources */,
				5506930026CCE69600B0F637 /* MainView.swift in Sources */,
				55A37C3726CD161400476EC9 /* InsetFactView.swift in Sources */,
				5506930626CCF4DE00B0F637 /* CoverImageModel.swift in Sources */,
				550692FB26CCE64500B0F637 /* MapView.swift in Sources */,
				55A37C3126CD08A000476EC9 /* AnimalDetailView.swift in Sources */,
				55A37C2F26CD041E00476EC9 /* AnimalModel.swift in Sources */,
				55A37C2B26CCFBFF00476EC9 /* CoverImageView.swift in Sources */,
				5529B98926CD1B0D009064CC /* InsetMapView.swift in Sources */,
				5529B99826CD3361009064CC /* VideoPlayerHelper.swift in Sources */,
				550692CA26CCE19B00B0F637 /* AfricaApp.swift in Sources */,
				5529B98B26CD1EDB009064CC /* ExternalWebLinkView.swift in Sources */,
				550692F926CCE62A00B0F637 /* VideoListView.swift in Sources */,
				5529B98D26CD2A44009064CC /* VideoModel.swift in Sources */,
				550692FE26CCE67800B0F637 /* GalleryView.swift in Sources */,
				5529B99A26CD3822009064CC /* LocationModel.swift in Sources */,
				55A37C3526CD0DBC00476EC9 /* InsetGalleryView.swift in Sources */,
				5529B99126CD2ABD009064CC /* VideoListItemView.swift in Sources */,
				5506930926CCF5D600B0F637 /* CodableBundleExtension.swift in Sources */,
				55A37C3326CD0BC900476EC9 /* HeadingView.swift in Sources */,
				5529B99326CD320E009064CC /* VideoPlayerView.swift in Sources */,
			);
			runOnlyForDeploymentPostprocessing = 0;
		};
/* End PBXSourcesBuildPhase section */

/* Begin XCBuildConfiguration section */
		550692D326CCE19C00B0F637 /* Debug */ = {
			isa = XCBuildConfiguration;
			buildSettings = {
				ALWAYS_SEARCH_USER_PATHS = NO;
				CLANG_ANALYZER_NONNULL = YES;
				CLANG_ANALYZER_NUMBER_OBJECT_CONVERSION = YES_AGGRESSIVE;
				CLANG_CXX_LANGUAGE_STANDARD = "gnu++14";
				CLANG_CXX_LIBRARY = "libc++";
				CLANG_ENABLE_MODULES = YES;
				CLANG_ENABLE_OBJC_ARC = YES;
				CLANG_ENABLE_OBJC_WEAK = YES;
				CLANG_WARN_BLOCK_CAPTURE_AUTORELEASING = YES;
				CLANG_WARN_BOOL_CONVERSION = YES;
				CLANG_WARN_COMMA = YES;
				CLANG_WARN_CONSTANT_CONVERSION = YES;
				CLANG_WARN_DEPRECATED_OBJC_IMPLEMENTATIONS = YES;
				CLANG_WARN_DIRECT_OBJC_ISA_USAGE = YES_ERROR;
				CLANG_WARN_DOCUMENTATION_COMMENTS = YES;
				CLANG_WARN_EMPTY_BODY = YES;
				CLANG_WARN_ENUM_CONVERSION = YES;
				CLANG_WARN_INFINITE_RECURSION = YES;
				CLANG_WARN_INT_CONVERSION = YES;
				CLANG_WARN_NON_LITERAL_NULL_CONVERSION = YES;
				CLANG_WARN_OBJC_IMPLICIT_RETAIN_SELF = YES;
				CLANG_WARN_OBJC_LITERAL_CONVERSION = YES;
				CLANG_WARN_OBJC_ROOT_CLASS = YES_ERROR;
				CLANG_WARN_QUOTED_INCLUDE_IN_FRAMEWORK_HEADER = YES;
				CLANG_WARN_RANGE_LOOP_ANALYSIS = YES;
				CLANG_WARN_STRICT_PROTOTYPES = YES;
				CLANG_WARN_SUSPICIOUS_MOVE = YES;
				CLANG_WARN_UNGUARDED_AVAILABILITY = YES_AGGRESSIVE;
				CLANG_WARN_UNREACHABLE_CODE = YES;
				CLANG_WARN__DUPLICATE_METHOD_MATCH = YES;
				COPY_PHASE_STRIP = NO;
				DEBUG_INFORMATION_FORMAT = dwarf;
				ENABLE_STRICT_OBJC_MSGSEND = YES;
				ENABLE_TESTABILITY = YES;
				GCC_C_LANGUAGE_STANDARD = gnu11;
				GCC_DYNAMIC_NO_PIC = NO;
				GCC_NO_COMMON_BLOCKS = YES;
				GCC_OPTIMIZATION_LEVEL = 0;
				GCC_PREPROCESSOR_DEFINITIONS = (
					"DEBUG=1",
					"$(inherited)",
				);
				GCC_WARN_64_TO_32_BIT_CONVERSION = YES;
				GCC_WARN_ABOUT_RETURN_TYPE = YES_ERROR;
				GCC_WARN_UNDECLARED_SELECTOR = YES;
				GCC_WARN_UNINITIALIZED_AUTOS = YES_AGGRESSIVE;
				GCC_WARN_UNUSED_FUNCTION = YES;
				GCC_WARN_UNUSED_VARIABLE = YES;
				IPHONEOS_DEPLOYMENT_TARGET = 14.5;
				MTL_ENABLE_DEBUG_INFO = INCLUDE_SOURCE;
				MTL_FAST_MATH = YES;
				ONLY_ACTIVE_ARCH = YES;
				SDKROOT = iphoneos;
				SWIFT_ACTIVE_COMPILATION_CONDITIONS = DEBUG;
				SWIFT_OPTIMIZATION_LEVEL = "-Onone";
			};
			name = Debug;
		};
		550692D426CCE19C00B0F637 /* Release */ = {
			isa = XCBuildConfiguration;
			buildSettings = {
				ALWAYS_SEARCH_USER_PATHS = NO;
				CLANG_ANALYZER_NONNULL = YES;
				CLANG_ANALYZER_NUMBER_OBJECT_CONVERSION = YES_AGGRESSIVE;
				CLANG_CXX_LANGUAGE_STANDARD = "gnu++14";
				CLANG_CXX_LIBRARY = "libc++";
				CLANG_ENABLE_MODULES = YES;
				CLANG_ENABLE_OBJC_ARC = YES;
				CLANG_ENABLE_OBJC_WEAK = YES;
				CLANG_WARN_BLOCK_CAPTURE_AUTORELEASING = YES;
				CLANG_WARN_BOOL_CONVERSION = YES;
				CLANG_WARN_COMMA = YES;
				CLANG_WARN_CONSTANT_CONVERSION = YES;
				CLANG_WARN_DEPRECATED_OBJC_IMPLEMENTATIONS = YES;
				CLANG_WARN_DIRECT_OBJC_ISA_USAGE = YES_ERROR;
				CLANG_WARN_DOCUMENTATION_COMMENTS = YES;
				CLANG_WARN_EMPTY_BODY = YES;
				CLANG_WARN_ENUM_CONVERSION = YES;
				CLANG_WARN_INFINITE_RECURSION = YES;
				CLANG_WARN_INT_CONVERSION = YES;
				CLANG_WARN_NON_LITERAL_NULL_CONVERSION = YES;
				CLANG_WARN_OBJC_IMPLICIT_RETAIN_SELF = YES;
				CLANG_WARN_OBJC_LITERAL_CONVERSION = YES;
				CLANG_WARN_OBJC_ROOT_CLASS = YES_ERROR;
				CLANG_WARN_QUOTED_INCLUDE_IN_FRAMEWORK_HEADER = YES;
				CLANG_WARN_RANGE_LOOP_ANALYSIS = YES;
				CLANG_WARN_STRICT_PROTOTYPES = YES;
				CLANG_WARN_SUSPICIOUS_MOVE = YES;
				CLANG_WARN_UNGUARDED_AVAILABILITY = YES_AGGRESSIVE;
				CLANG_WARN_UNREACHABLE_CODE = YES;
				CLANG_WARN__DUPLICATE_METHOD_MATCH = YES;
				COPY_PHASE_STRIP = NO;
				DEBUG_INFORMATION_FORMAT = "dwarf-with-dsym";
				ENABLE_NS_ASSERTIONS = NO;
				ENABLE_STRICT_OBJC_MSGSEND = YES;
				GCC_C_LANGUAGE_STANDARD = gnu11;
				GCC_NO_COMMON_BLOCKS = YES;
				GCC_WARN_64_TO_32_BIT_CONVERSION = YES;
				GCC_WARN_ABOUT_RETURN_TYPE = YES_ERROR;
				GCC_WARN_UNDECLARED_SELECTOR = YES;
				GCC_WARN_UNINITIALIZED_AUTOS = YES_AGGRESSIVE;
				GCC_WARN_UNUSED_FUNCTION = YES;
				GCC_WARN_UNUSED_VARIABLE = YES;
				IPHONEOS_DEPLOYMENT_TARGET = 14.5;
				MTL_ENABLE_DEBUG_INFO = NO;
				MTL_FAST_MATH = YES;
				SDKROOT = iphoneos;
				SWIFT_COMPILATION_MODE = wholemodule;
				SWIFT_OPTIMIZATION_LEVEL = "-O";
				VALIDATE_PRODUCT = YES;
			};
			name = Release;
		};
		550692D626CCE19C00B0F637 /* Debug */ = {
			isa = XCBuildConfiguration;
			buildSettings = {
				ASSETCATALOG_COMPILER_APPICON_NAME = AppIcon;
				ASSETCATALOG_COMPILER_GLOBAL_ACCENT_COLOR_NAME = AccentColor;
				CODE_SIGN_STYLE = Automatic;
				DEVELOPMENT_ASSET_PATHS = "\"Africa/Preview Content\"";
				DEVELOPMENT_TEAM = UTN2596CAS;
				ENABLE_PREVIEWS = YES;
				INFOPLIST_FILE = Africa/Info.plist;
				IPHONEOS_DEPLOYMENT_TARGET = 14.0;
				LD_RUNPATH_SEARCH_PATHS = (
					"$(inherited)",
					"@executable_path/Frameworks",
				);
				PRODUCT_BUNDLE_IDENTIFIER = brsrld.Africa;
				PRODUCT_NAME = "$(TARGET_NAME)";
				SWIFT_VERSION = 5.0;
				TARGETED_DEVICE_FAMILY = "1,2";
			};
			name = Debug;
		};
		550692D726CCE19C00B0F637 /* Release */ = {
			isa = XCBuildConfiguration;
			buildSettings = {
				ASSETCATALOG_COMPILER_APPICON_NAME = AppIcon;
				ASSETCATALOG_COMPILER_GLOBAL_ACCENT_COLOR_NAME = AccentColor;
				CODE_SIGN_STYLE = Automatic;
				DEVELOPMENT_ASSET_PATHS = "\"Africa/Preview Content\"";
				DEVELOPMENT_TEAM = UTN2596CAS;
				ENABLE_PREVIEWS = YES;
				INFOPLIST_FILE = Africa/Info.plist;
				IPHONEOS_DEPLOYMENT_TARGET = 14.0;
				LD_RUNPATH_SEARCH_PATHS = (
					"$(inherited)",
					"@executable_path/Frameworks",
				);
				PRODUCT_BUNDLE_IDENTIFIER = brsrld.Africa;
				PRODUCT_NAME = "$(TARGET_NAME)";
				SWIFT_VERSION = 5.0;
				TARGETED_DEVICE_FAMILY = "1,2";
			};
			name = Release;
		};
/* End XCBuildConfiguration section */

/* Begin XCConfigurationList section */
		550692C126CCE19A00B0F637 /* Build configuration list for PBXProject "Africa" */ = {
			isa = XCConfigurationList;
			buildConfigurations = (
				550692D326CCE19C00B0F637 /* Debug */,
				550692D426CCE19C00B0F637 /* Release */,
			);
			defaultConfigurationIsVisible = 0;
			defaultConfigurationName = Release;
		};
		550692D526CCE19C00B0F637 /* Build configuration list for PBXNativeTarget "Africa" */ = {
			isa = XCConfigurationList;
			buildConfigurations = (
				550692D626CCE19C00B0F637 /* Debug */,
				550692D726CCE19C00B0F637 /* Release */,
			);
			defaultConfigurationIsVisible = 0;
			defaultConfigurationName = Release;
		};
/* End XCConfigurationList section */
	};
	rootObject = 550692BE26CCE19A00B0F637 /* Project object */;
}
